
Microsoft Visual Studio Solution File, Format Version 12.00
# Visual Studio Version 17
VisualStudioVersion = 17.8.34525.116
MinimumVisualStudioVersion = 10.0.40219.1
Project("{9A19103F-16F7-4668-BE54-9A1E7A4F7556}") = "001-开始", "001-开始\001-开始.csproj", "{32FD5760-1000-425A-9ACC-725BB4542BA3}"
EndProject
Project("{9A19103F-16F7-4668-BE54-9A1E7A4F7556}") = "002-练习", "002-练习\002-练习.csproj", "{1F79E638-2406-4C0E-9167-92E44889BA14}"
EndProject
Project("{9A19103F-16F7-4668-BE54-9A1E7A4F7556}") = "003-变量", "003-变量\003-变量.csproj", "{C26FD8CF-8609-4A37-B7E6-8AAAA4567F49}"
EndProject
Project("{9A19103F-16F7-4668-BE54-9A1E7A4F7556}") = "004-字符类型", "004-字符类型\004-字符类型.csproj", "{AC7C63A5-2A71-430A-B2EE-78AAF2FBFE1E}"
EndProject
Project("{9A19103F-16F7-4668-BE54-9A1E7A4F7556}") = "005-练习", "005-练习\005-练习.csproj", "{0CF11149-DE4E-46EA-8067-CA59950805C8}"
EndProject
Project("{9A19103F-16F7-4668-BE54-9A1E7A4F7556}") = "006-变量研究", "006-变量研究\006-变量研究.csproj", "{C771F5F5-9054-4F11-9CEF-4CA5E5409947}"
EndProject
Project("{9A19103F-16F7-4668-BE54-9A1E7A4F7556}") = "007-数学运算符", "007-数学运算符\007-数学运算符.csproj", "{D896ACA1-6BEE-449F-B9DC-3ED44FC02405}"
EndProject
Project("{9A19103F-16F7-4668-BE54-9A1E7A4F7556}") = "008-自增自减运算符", "008-自增自减运算符\008-自增自减运算符.csproj", "{F85DEDD2-0950-4F2B-906B-F6ABBB181267}"
EndProject
Project("{9A19103F-16F7-4668-BE54-9A1E7A4F7556}") = "009-关系运算符和布尔类型", "009-关系运算符和布尔类型\009-关系运算符和布尔类型.csproj", "{1D0EF784-A6D4-4BE7-A13F-906A3088C7CE}"
EndProject
Project("{9A19103F-16F7-4668-BE54-9A1E7A4F7556}") = "010-逻辑运算符", "010-逻辑运算符\010-逻辑运算符.csproj", "{0B5C68D1-F7FE-4928-A208-910254D4CE4B}"
EndProject
Project("{9A19103F-16F7-4668-BE54-9A1E7A4F7556}") = "011-运算优先级", "011-运算优先级\011-运算优先级.csproj", "{A37F3CEA-1760-4EAD-A534-40499823061B}"
EndProject
Project("{9A19103F-16F7-4668-BE54-9A1E7A4F7556}") = "012-编程题", "012-编程题\012-编程题.csproj", "{20AF4968-DFB7-41B0-A597-B0E96D8D3214}"
EndProject
Project("{9A19103F-16F7-4668-BE54-9A1E7A4F7556}") = "013-条件语句-if语句", "013-条件语句-if语句\013-条件语句-if语句.csproj", "{57E09BE3-F83C-4667-81BE-C24DB256AAE0}"
EndProject
Project("{9A19103F-16F7-4668-BE54-9A1E7A4F7556}") = "014-排序-编程题", "014-排序-编程题\014-排序-编程题.csproj", "{D87ED67E-F8E8-4335-8627-D429FED1FD31}"
EndProject
Project("{9A19103F-16F7-4668-BE54-9A1E7A4F7556}") = "015-switch分支语句", "015-switch分支语句\015-switch分支语句.csproj", "{5F072537-3B51-4DF4-8A8E-40D05BE23BD5}"
EndProject
Project("{9A19103F-16F7-4668-BE54-9A1E7A4F7556}") = "016-编程题", "016-编程题\016-编程题.csproj", "{1416E893-DA64-45C6-8E82-DD986C669173}"
EndProject
Project("{9A19103F-16F7-4668-BE54-9A1E7A4F7556}") = "017-循环语句-while循环", "017-循环语句-while循环\017-循环语句-while循环.csproj", "{0C980AE7-7A9B-4FC5-B539-4B96CFB17BDF}"
EndProject
Project("{9A19103F-16F7-4668-BE54-9A1E7A4F7556}") = "018-while编程题", "018-while编程题\018-while编程题.csproj", "{F3D406E8-9881-48DE-84AF-2EF8AB869EB3}"
EndProject
Project("{9A19103F-16F7-4668-BE54-9A1E7A4F7556}") = "019-for循环", "019-for循环\019-for循环.csproj", "{C7B5F2C0-98C6-4FE9-979D-B970FEA56C77}"
EndProject
Project("{9A19103F-16F7-4668-BE54-9A1E7A4F7556}") = "020-do-while循环", "020-do-while循环\020-do-while循环.csproj", "{BF02F220-69EC-41D9-9422-A35007415D80}"
EndProject
Project("{9A19103F-16F7-4668-BE54-9A1E7A4F7556}") = "021-变量的作用域", "021-变量的作用域\021-变量的作用域.csproj", "{2BF3F592-036E-4DC3-AEDD-B731591A637B}"
EndProject
Project("{9A19103F-16F7-4668-BE54-9A1E7A4F7556}") = "022-编程题", "022-编程题\022-编程题.csproj", "{B741904E-8A79-467F-8F51-F261494D30E5}"
EndProject
Project("{FAE04EC0-301F-11D3-BF4B-00C04F79EFBC}") = "023-循环中的continue", "023-循环中的continue\023-循环中的continue.csproj", "{F93503DE-5740-4EA5-BF3D-74C15685DCF8}"
EndProject
Project("{FAE04EC0-301F-11D3-BF4B-00C04F79EFBC}") = "024-循环嵌套", "024-循环嵌套\024-循环嵌套.csproj", "{2082EE3D-48BE-4EE8-9B1F-F8B19BC6AD4B}"
EndProject
Global
	GlobalSection(SolutionConfigurationPlatforms) = preSolution
		Debug|Any CPU = Debug|Any CPU
		Release|Any CPU = Release|Any CPU
	EndGlobalSection
	GlobalSection(ProjectConfigurationPlatforms) = postSolution
		{32FD5760-1000-425A-9ACC-725BB4542BA3}.Debug|Any CPU.ActiveCfg = Debug|Any CPU
		{32FD5760-1000-425A-9ACC-725BB4542BA3}.Debug|Any CPU.Build.0 = Debug|Any CPU
		{32FD5760-1000-425A-9ACC-725BB4542BA3}.Release|Any CPU.ActiveCfg = Release|Any CPU
		{32FD5760-1000-425A-9ACC-725BB4542BA3}.Release|Any CPU.Build.0 = Release|Any CPU
		{1F79E638-2406-4C0E-9167-92E44889BA14}.Debug|Any CPU.ActiveCfg = Debug|Any CPU
		{1F79E638-2406-4C0E-9167-92E44889BA14}.Debug|Any CPU.Build.0 = Debug|Any CPU
		{1F79E638-2406-4C0E-9167-92E44889BA14}.Release|Any CPU.ActiveCfg = Release|Any CPU
		{1F79E638-2406-4C0E-9167-92E44889BA14}.Release|Any CPU.Build.0 = Release|Any CPU
		{C26FD8CF-8609-4A37-B7E6-8AAAA4567F49}.Debug|Any CPU.ActiveCfg = Debug|Any CPU
		{C26FD8CF-8609-4A37-B7E6-8AAAA4567F49}.Debug|Any CPU.Build.0 = Debug|Any CPU
		{C26FD8CF-8609-4A37-B7E6-8AAAA4567F49}.Release|Any CPU.ActiveCfg = Release|Any CPU
		{C26FD8CF-8609-4A37-B7E6-8AAAA4567F49}.Release|Any CPU.Build.0 = Release|Any CPU
		{AC7C63A5-2A71-430A-B2EE-78AAF2FBFE1E}.Debug|Any CPU.ActiveCfg = Debug|Any CPU
		{AC7C63A5-2A71-430A-B2EE-78AAF2FBFE1E}.Debug|Any CPU.Build.0 = Debug|Any CPU
		{AC7C63A5-2A71-430A-B2EE-78AAF2FBFE1E}.Release|Any CPU.ActiveCfg = Release|Any CPU
		{AC7C63A5-2A71-430A-B2EE-78AAF2FBFE1E}.Release|Any CPU.Build.0 = Release|Any CPU
		{0CF11149-DE4E-46EA-8067-CA59950805C8}.Debug|Any CPU.ActiveCfg = Debug|Any CPU
		{0CF11149-DE4E-46EA-8067-CA59950805C8}.Debug|Any CPU.Build.0 = Debug|Any CPU
		{0CF11149-DE4E-46EA-8067-CA59950805C8}.Release|Any CPU.ActiveCfg = Release|Any CPU
		{0CF11149-DE4E-46EA-8067-CA59950805C8}.Release|Any CPU.Build.0 = Release|Any CPU
		{C771F5F5-9054-4F11-9CEF-4CA5E5409947}.Debug|Any CPU.ActiveCfg = Debug|Any CPU
		{C771F5F5-9054-4F11-9CEF-4CA5E5409947}.Debug|Any CPU.Build.0 = Debug|Any CPU
		{C771F5F5-9054-4F11-9CEF-4CA5E5409947}.Release|Any CPU.ActiveCfg = Release|Any CPU
		{C771F5F5-9054-4F11-9CEF-4CA5E5409947}.Release|Any CPU.Build.0 = Release|Any CPU
		{D896ACA1-6BEE-449F-B9DC-3ED44FC02405}.Debug|Any CPU.ActiveCfg = Debug|Any CPU
		{D896ACA1-6BEE-449F-B9DC-3ED44FC02405}.Debug|Any CPU.Build.0 = Debug|Any CPU
		{D896ACA1-6BEE-449F-B9DC-3ED44FC02405}.Release|Any CPU.ActiveCfg = Release|Any CPU
		{D896ACA1-6BEE-449F-B9DC-3ED44FC02405}.Release|Any CPU.Build.0 = Release|Any CPU
		{F85DEDD2-0950-4F2B-906B-F6ABBB181267}.Debug|Any CPU.ActiveCfg = Debug|Any CPU
		{F85DEDD2-0950-4F2B-906B-F6ABBB181267}.Debug|Any CPU.Build.0 = Debug|Any CPU
		{F85DEDD2-0950-4F2B-906B-F6ABBB181267}.Release|Any CPU.ActiveCfg = Release|Any CPU
		{F85DEDD2-0950-4F2B-906B-F6ABBB181267}.Release|Any CPU.Build.0 = Release|Any CPU
		{1D0EF784-A6D4-4BE7-A13F-906A3088C7CE}.Debug|Any CPU.ActiveCfg = Debug|Any CPU
		{1D0EF784-A6D4-4BE7-A13F-906A3088C7CE}.Debug|Any CPU.Build.0 = Debug|Any CPU
		{1D0EF784-A6D4-4BE7-A13F-906A3088C7CE}.Release|Any CPU.ActiveCfg = Release|Any CPU
		{1D0EF784-A6D4-4BE7-A13F-906A3088C7CE}.Release|Any CPU.Build.0 = Release|Any CPU
		{0B5C68D1-F7FE-4928-A208-910254D4CE4B}.Debug|Any CPU.ActiveCfg = Debug|Any CPU
		{0B5C68D1-F7FE-4928-A208-910254D4CE4B}.Debug|Any CPU.Build.0 = Debug|Any CPU
		{0B5C68D1-F7FE-4928-A208-910254D4CE4B}.Release|Any CPU.ActiveCfg = Release|Any CPU
		{0B5C68D1-F7FE-4928-A208-910254D4CE4B}.Release|Any CPU.Build.0 = Release|Any CPU
		{A37F3CEA-1760-4EAD-A534-40499823061B}.Debug|Any CPU.ActiveCfg = Debug|Any CPU
		{A37F3CEA-1760-4EAD-A534-40499823061B}.Debug|Any CPU.Build.0 = Debug|Any CPU
		{A37F3CEA-1760-4EAD-A534-40499823061B}.Release|Any CPU.ActiveCfg = Release|Any CPU
		{A37F3CEA-1760-4EAD-A534-40499823061B}.Release|Any CPU.Build.0 = Release|Any CPU
		{20AF4968-DFB7-41B0-A597-B0E96D8D3214}.Debug|Any CPU.ActiveCfg = Debug|Any CPU
		{20AF4968-DFB7-41B0-A597-B0E96D8D3214}.Debug|Any CPU.Build.0 = Debug|Any CPU
		{20AF4968-DFB7-41B0-A597-B0E96D8D3214}.Release|Any CPU.ActiveCfg = Release|Any CPU
		{20AF4968-DFB7-41B0-A597-B0E96D8D3214}.Release|Any CPU.Build.0 = Release|Any CPU
		{57E09BE3-F83C-4667-81BE-C24DB256AAE0}.Debug|Any CPU.ActiveCfg = Debug|Any CPU
		{57E09BE3-F83C-4667-81BE-C24DB256AAE0}.Debug|Any CPU.Build.0 = Debug|Any CPU
		{57E09BE3-F83C-4667-81BE-C24DB256AAE0}.Release|Any CPU.ActiveCfg = Release|Any CPU
		{57E09BE3-F83C-4667-81BE-C24DB256AAE0}.Release|Any CPU.Build.0 = Release|Any CPU
		{D87ED67E-F8E8-4335-8627-D429FED1FD31}.Debug|Any CPU.ActiveCfg = Debug|Any CPU
		{D87ED67E-F8E8-4335-8627-D429FED1FD31}.Debug|Any CPU.Build.0 = Debug|Any CPU
		{D87ED67E-F8E8-4335-8627-D429FED1FD31}.Release|Any CPU.ActiveCfg = Release|Any CPU
		{D87ED67E-F8E8-4335-8627-D429FED1FD31}.Release|Any CPU.Build.0 = Release|Any CPU
		{5F072537-3B51-4DF4-8A8E-40D05BE23BD5}.Debug|Any CPU.ActiveCfg = Debug|Any CPU
		{5F072537-3B51-4DF4-8A8E-40D05BE23BD5}.Debug|Any CPU.Build.0 = Debug|Any CPU
		{5F072537-3B51-4DF4-8A8E-40D05BE23BD5}.Release|Any CPU.ActiveCfg = Release|Any CPU
		{5F072537-3B51-4DF4-8A8E-40D05BE23BD5}.Release|Any CPU.Build.0 = Release|Any CPU
		{1416E893-DA64-45C6-8E82-DD986C669173}.Debug|Any CPU.ActiveCfg = Debug|Any CPU
		{1416E893-DA64-45C6-8E82-DD986C669173}.Debug|Any CPU.Build.0 = Debug|Any CPU
		{1416E893-DA64-45C6-8E82-DD986C669173}.Release|Any CPU.ActiveCfg = Release|Any CPU
		{1416E893-DA64-45C6-8E82-DD986C669173}.Release|Any CPU.Build.0 = Release|Any CPU
		{0C980AE7-7A9B-4FC5-B539-4B96CFB17BDF}.Debug|Any CPU.ActiveCfg = Debug|Any CPU
		{0C980AE7-7A9B-4FC5-B539-4B96CFB17BDF}.Debug|Any CPU.Build.0 = Debug|Any CPU
		{0C980AE7-7A9B-4FC5-B539-4B96CFB17BDF}.Release|Any CPU.ActiveCfg = Release|Any CPU
		{0C980AE7-7A9B-4FC5-B539-4B96CFB17BDF}.Release|Any CPU.Build.0 = Release|Any CPU
		{F3D406E8-9881-48DE-84AF-2EF8AB869EB3}.Debug|Any CPU.ActiveCfg = Debug|Any CPU
		{F3D406E8-9881-48DE-84AF-2EF8AB869EB3}.Debug|Any CPU.Build.0 = Debug|Any CPU
		{F3D406E8-9881-48DE-84AF-2EF8AB869EB3}.Release|Any CPU.ActiveCfg = Release|Any CPU
		{F3D406E8-9881-48DE-84AF-2EF8AB869EB3}.Release|Any CPU.Build.0 = Release|Any CPU
		{C7B5F2C0-98C6-4FE9-979D-B970FEA56C77}.Debug|Any CPU.ActiveCfg = Debug|Any CPU
		{C7B5F2C0-98C6-4FE9-979D-B970FEA56C77}.Debug|Any CPU.Build.0 = Debug|Any CPU
		{C7B5F2C0-98C6-4FE9-979D-B970FEA56C77}.Release|Any CPU.ActiveCfg = Release|Any CPU
		{C7B5F2C0-98C6-4FE9-979D-B970FEA56C77}.Release|Any CPU.Build.0 = Release|Any CPU
		{BF02F220-69EC-41D9-9422-A35007415D80}.Debug|Any CPU.ActiveCfg = Debug|Any CPU
		{BF02F220-69EC-41D9-9422-A35007415D80}.Debug|Any CPU.Build.0 = Debug|Any CPU
		{BF02F220-69EC-41D9-9422-A35007415D80}.Release|Any CPU.ActiveCfg = Release|Any CPU
		{BF02F220-69EC-41D9-9422-A35007415D80}.Release|Any CPU.Build.0 = Release|Any CPU
		{2BF3F592-036E-4DC3-AEDD-B731591A637B}.Debug|Any CPU.ActiveCfg = Debug|Any CPU
		{2BF3F592-036E-4DC3-AEDD-B731591A637B}.Debug|Any CPU.Build.0 = Debug|Any CPU
		{2BF3F592-036E-4DC3-AEDD-B731591A637B}.Release|Any CPU.ActiveCfg = Release|Any CPU
		{2BF3F592-036E-4DC3-AEDD-B731591A637B}.Release|Any CPU.Build.0 = Release|Any CPU
		{B741904E-8A79-467F-8F51-F261494D30E5}.Debug|Any CPU.ActiveCfg = Debug|Any CPU
		{B741904E-8A79-467F-8F51-F261494D30E5}.Debug|Any CPU.Build.0 = Debug|Any CPU
		{B741904E-8A79-467F-8F51-F261494D30E5}.Release|Any CPU.ActiveCfg = Release|Any CPU
		{B741904E-8A79-467F-8F51-F261494D30E5}.Release|Any CPU.Build.0 = Release|Any CPU
		{F93503DE-5740-4EA5-BF3D-74C15685DCF8}.Debug|Any CPU.ActiveCfg = Debug|Any CPU
		{F93503DE-5740-4EA5-BF3D-74C15685DCF8}.Debug|Any CPU.Build.0 = Debug|Any CPU
		{F93503DE-5740-4EA5-BF3D-74C15685DCF8}.Release|Any CPU.ActiveCfg = Release|Any CPU
		{F93503DE-5740-4EA5-BF3D-74C15685DCF8}.Release|Any CPU.Build.0 = Release|Any CPU
		{2082EE3D-48BE-4EE8-9B1F-F8B19BC6AD4B}.Debug|Any CPU.ActiveCfg = Debug|Any CPU
		{2082EE3D-48BE-4EE8-9B1F-F8B19BC6AD4B}.Debug|Any CPU.Build.0 = Debug|Any CPU
		{2082EE3D-48BE-4EE8-9B1F-F8B19BC6AD4B}.Release|Any CPU.ActiveCfg = Release|Any CPU
		{2082EE3D-48BE-4EE8-9B1F-F8B19BC6AD4B}.Release|Any CPU.Build.0 = Release|Any CPU
	EndGlobalSection
	GlobalSection(SolutionProperties) = preSolution
		HideSolutionNode = FALSE
	EndGlobalSection
	GlobalSection(ExtensibilityGlobals) = postSolution
		SolutionGuid = {6BFCA5C4-6903-485B-9D4F-17DFBD0D5FE0}
	EndGlobalSection
EndGlobal
